
Microsoft Visual Studio Solution File, Format Version 12.00
# Visual Studio Version 16
VisualStudioVersion = 16.0.32413.511
MinimumVisualStudioVersion = 10.0.40219.1
Project("{FAE04EC0-301F-11D3-BF4B-00C04F79EFBC}") = "Calculator.UWP", "Calculator\Calculator.UWP\Calculator.UWP.csproj", "{7DF7DF4D-E0D9-4CF7-90DF-4B334DE25B8D}"
EndProject
Project("{FAE04EC0-301F-11D3-BF4B-00C04F79EFBC}") = "Calculator.Android", "Calculator\Calculator.Android\Calculator.Android.csproj", "{3EDC13C1-9380-4E6C-BBF6-2BF8E9543D9F}"
EndProject
Project("{FAE04EC0-301F-11D3-BF4B-00C04F79EFBC}") = "Calculator.iOS", "Calculator\Calculator.iOS\Calculator.iOS.csproj", "{A55F4496-DAE8-45C1-A81B-F65D56E50440}"
EndProject
Project("{FAE04EC0-301F-11D3-BF4B-00C04F79EFBC}") = "Calculator", "Calculator\Calculator\Calculator.csproj", "{949DF556-FC90-462F-9BCB-E062B1E262F6}"
EndProject
Global
	GlobalSection(SolutionConfigurationPlatforms) = preSolution
		Debug|Any CPU = Debug|Any CPU
		Debug|ARM = Debug|ARM
		Debug|iPhone = Debug|iPhone
		Debug|iPhoneSimulator = Debug|iPhoneSimulator
		Debug|x64 = Debug|x64
		Debug|x86 = Debug|x86
		Release|Any CPU = Release|Any CPU
		Release|ARM = Release|ARM
		Release|iPhone = Release|iPhone
		Release|iPhoneSimulator = Release|iPhoneSimulator
		Release|x64 = Release|x64
		Release|x86 = Release|x86
	EndGlobalSection
	GlobalSection(ProjectConfigurationPlatforms) = postSolution
		{7DF7DF4D-E0D9-4CF7-90DF-4B334DE25B8D}.Debug|Any CPU.ActiveCfg = Debug|x86
		{7DF7DF4D-E0D9-4CF7-90DF-4B334DE25B8D}.Debug|Any CPU.Build.0 = Debug|x86
		{7DF7DF4D-E0D9-4CF7-90DF-4B334DE25B8D}.Debug|Any CPU.Deploy.0 = Debug|x86
		{7DF7DF4D-E0D9-4CF7-90DF-4B334DE25B8D}.Debug|ARM.ActiveCfg = Debug|ARM
		{7DF7DF4D-E0D9-4CF7-90DF-4B334DE25B8D}.Debug|ARM.Build.0 = Debug|ARM
		{7DF7DF4D-E0D9-4CF7-90DF-4B334DE25B8D}.Debug|ARM.Deploy.0 = Debug|ARM
		{7DF7DF4D-E0D9-4CF7-90DF-4B334DE25B8D}.Debug|iPhone.ActiveCfg = Debug|x86
		{7DF7DF4D-E0D9-4CF7-90DF-4B334DE25B8D}.Debug|iPhone.Build.0 = Debug|x86
		{7DF7DF4D-E0D9-4CF7-90DF-4B334DE25B8D}.Debug|iPhone.Deploy.0 = Debug|x86
		{7DF7DF4D-E0D9-4CF7-90DF-4B334DE25B8D}.Debug|iPhoneSimulator.ActiveCfg = Debug|x86
		{7DF7DF4D-E0D9-4CF7-90DF-4B334DE25B8D}.Debug|iPhoneSimulator.Build.0 = Debug|x86
		{7DF7DF4D-E0D9-4CF7-90DF-4B334DE25B8D}.Debug|iPhoneSimulator.Deploy.0 = Debug|x86
		{7DF7DF4D-E0D9-4CF7-90DF-4B334DE25B8D}.Debug|x64.ActiveCfg = Debug|x64
		{7DF7DF4D-E0D9-4CF7-90DF-4B334DE25B8D}.Debug|x64.Build.0 = Debug|x64
		{7DF7DF4D-E0D9-4CF7-90DF-4B334DE25B8D}.Debug|x64.Deploy.0 = Debug|x64
		{7DF7DF4D-E0D9-4CF7-90DF-4B334DE25B8D}.Debug|x86.ActiveCfg = Debug|x86
		{7DF7DF4D-E0D9-4CF7-90DF-4B334DE25B8D}.Debug|x86.Build.0 = Debug|x86
		{7DF7DF4D-E0D9-4CF7-90DF-4B334DE25B8D}.Debug|x86.Deploy.0 = Debug|x86
		{7DF7DF4D-E0D9-4CF7-90DF-4B334DE25B8D}.Release|Any CPU.ActiveCfg = Release|x86
		{7DF7DF4D-E0D9-4CF7-90DF-4B334DE25B8D}.Release|Any CPU.Build.0 = Release|x86
		{7DF7DF4D-E0D9-4CF7-90DF-4B334DE25B8D}.Release|Any CPU.Deploy.0 = Release|x86
		{7DF7DF4D-E0D9-4CF7-90DF-4B334DE25B8D}.Release|ARM.ActiveCfg = Release|ARM
		{7DF7DF4D-E0D9-4CF7-90DF-4B334DE25B8D}.Release|ARM.Build.0 = Release|ARM
		{7DF7DF4D-E0D9-4CF7-90DF-4B334DE25B8D}.Release|ARM.Deploy.0 = Release|ARM
		{7DF7DF4D-E0D9-4CF7-90DF-4B334DE25B8D}.Release|iPhone.ActiveCfg = Release|x86
		{7DF7DF4D-E0D9-4CF7-90DF-4B334DE25B8D}.Release|iPhone.Build.0 = Release|x86
		{7DF7DF4D-E0D9-4CF7-90DF-4B334DE25B8D}.Release|iPhone.Deploy.0 = Release|x86
		{7DF7DF4D-E0D9-4CF7-90DF-4B334DE25B8D}.Release|iPhoneSimulator.ActiveCfg = Release|x86
		{7DF7DF4D-E0D9-4CF7-90DF-4B334DE25B8D}.Release|iPhoneSimulator.Build.0 = Release|x86
		{7DF7DF4D-E0D9-4CF7-90DF-4B334DE25B8D}.Release|iPhoneSimulator.Deploy.0 = Release|x86
		{7DF7DF4D-E0D9-4CF7-90DF-4B334DE25B8D}.Release|x64.ActiveCfg = Release|x64
		{7DF7DF4D-E0D9-4CF7-90DF-4B334DE25B8D}.Release|x64.Build.0 = Release|x64
		{7DF7DF4D-E0D9-4CF7-90DF-4B334DE25B8D}.Release|x64.Deploy.0 = Release|x64
		{7DF7DF4D-E0D9-4CF7-90DF-4B334DE25B8D}.Release|x86.ActiveCfg = Release|x86
		{7DF7DF4D-E0D9-4CF7-90DF-4B334DE25B8D}.Release|x86.Build.0 = Release|x86
		{7DF7DF4D-E0D9-4CF7-90DF-4B334DE25B8D}.Release|x86.Deploy.0 = Release|x86
		{3EDC13C1-9380-4E6C-BBF6-2BF8E9543D9F}.Debug|Any CPU.ActiveCfg = Debug|Any CPU
		{3EDC13C1-9380-4E6C-BBF6-2BF8E9543D9F}.Debug|Any CPU.Build.0 = Debug|Any CPU
		{3EDC13C1-9380-4E6C-BBF6-2BF8E9543D9F}.Debug|Any CPU.Deploy.0 = Debug|Any CPU
		{3EDC13C1-9380-4E6C-BBF6-2BF8E9543D9F}.Debug|ARM.ActiveCfg = Debug|Any CPU
		{3EDC13C1-9380-4E6C-BBF6-2BF8E9543D9F}.Debug|ARM.Build.0 = Debug|Any CPU
		{3EDC13C1-9380-4E6C-BBF6-2BF8E9543D9F}.Debug|ARM.Deploy.0 = Debug|Any CPU
		{3EDC13C1-9380-4E6C-BBF6-2BF8E9543D9F}.Debug|iPhone.ActiveCfg = Debug|Any CPU
		{3EDC13C1-9380-4E6C-BBF6-2BF8E9543D9F}.Debug|iPhone.Build.0 = Debug|Any CPU
		{3EDC13C1-9380-4E6C-BBF6-2BF8E9543D9F}.Debug|iPhone.Deploy.0 = Debug|Any CPU
		{3EDC13C1-9380-4E6C-BBF6-2BF8E9543D9F}.Debug|iPhoneSimulator.ActiveCfg = Debug|Any CPU
		{3EDC13C1-9380-4E6C-BBF6-2BF8E9543D9F}.Debug|iPhoneSimulator.Build.0 = Debug|Any CPU
		{3EDC13C1-9380-4E6C-BBF6-2BF8E9543D9F}.Debug|iPhoneSimulator.Deploy.0 = Debug|Any CPU
		{3EDC13C1-9380-4E6C-BBF6-2BF8E9543D9F}.Debug|x64.ActiveCfg = Debug|Any CPU
		{3EDC13C1-9380-4E6C-BBF6-2BF8E9543D9F}.Debug|x64.Build.0 = Debug|Any CPU
		{3EDC13C1-9380-4E6C-BBF6-2BF8E9543D9F}.Debug|x64.Deploy.0 = Debug|Any CPU
		{3EDC13C1-9380-4E6C-BBF6-2BF8E9543D9F}.Debug|x86.ActiveCfg = Debug|Any CPU
		{3EDC13C1-9380-4E6C-BBF6-2BF8E9543D9F}.Debug|x86.Build.0 = Debug|Any CPU
		{3EDC13C1-9380-4E6C-BBF6-2BF8E9543D9F}.Debug|x86.Deploy.0 = Debug|Any CPU
		{3EDC13C1-9380-4E6C-BBF6-2BF8E9543D9F}.Release|Any CPU.ActiveCfg = Release|Any CPU
		{3EDC13C1-9380-4E6C-BBF6-2BF8E9543D9F}.Release|Any CPU.Build.0 = Release|Any CPU
		{3EDC13C1-9380-4E6C-BBF6-2BF8E9543D9F}.Release|Any CPU.Deploy.0 = Release|Any CPU
		{3EDC13C1-9380-4E6C-BBF6-2BF8E9543D9F}.Release|ARM.ActiveCfg = Release|Any CPU
		{3EDC13C1-9380-4E6C-BBF6-2BF8E9543D9F}.Release|ARM.Build.0 = Release|Any CPU
		{3EDC13C1-9380-4E6C-BBF6-2BF8E9543D9F}.Release|ARM.Deploy.0 = Release|Any CPU
		{3EDC13C1-9380-4E6C-BBF6-2BF8E9543D9F}.Release|iPhone.ActiveCfg = Release|Any CPU
		{3EDC13C1-9380-4E6C-BBF6-2BF8E9543D9F}.Release|iPhone.Build.0 = Release|Any CPU
		{3EDC13C1-9380-4E6C-BBF6-2BF8E9543D9F}.Release|iPhone.Deploy.0 = Release|Any CPU
		{3EDC13C1-9380-4E6C-BBF6-2BF8E9543D9F}.Release|iPhoneSimulator.ActiveCfg = Release|Any CPU
		{3EDC13C1-9380-4E6C-BBF6-2BF8E9543D9F}.Release|iPhoneSimulator.Build.0 = Release|Any CPU
		{3EDC13C1-9380-4E6C-BBF6-2BF8E9543D9F}.Release|iPhoneSimulator.Deploy.0 = Release|Any CPU
		{3EDC13C1-9380-4E6C-BBF6-2BF8E9543D9F}.Release|x64.ActiveCfg = Release|Any CPU
		{3EDC13C1-9380-4E6C-BBF6-2BF8E9543D9F}.Release|x64.Build.0 = Release|Any CPU
		{3EDC13C1-9380-4E6C-BBF6-2BF8E9543D9F}.Release|x64.Deploy.0 = Release|Any CPU
		{3EDC13C1-9380-4E6C-BBF6-2BF8E9543D9F}.Release|x86.ActiveCfg = Release|Any CPU
		{3EDC13C1-9380-4E6C-BBF6-2BF8E9543D9F}.Release|x86.Build.0 = Release|Any CPU
		{3EDC13C1-9380-4E6C-BBF6-2BF8E9543D9F}.Release|x86.Deploy.0 = Release|Any CPU
		{A55F4496-DAE8-45C1-A81B-F65D56E50440}.Debug|Any CPU.ActiveCfg = Debug|iPhoneSimulator
		{A55F4496-DAE8-45C1-A81B-F65D56E50440}.Debug|Any CPU.Build.0 = Debug|iPhoneSimulator
		{A55F4496-DAE8-45C1-A81B-F65D56E50440}.Debug|Any CPU.Deploy.0 = Debug|iPhoneSimulator
		{A55F4496-DAE8-45C1-A81B-F65D56E50440}.Debug|ARM.ActiveCfg = Debug|iPhone
		{A55F4496-DAE8-45C1-A81B-F65D56E50440}.Debug|ARM.Build.0 = Debug|iPhone
		{A55F4496-DAE8-45C1-A81B-F65D56E50440}.Debug|ARM.Deploy.0 = Debug|iPhone
		{A55F4496-DAE8-45C1-A81B-F65D56E50440}.Debug|iPhone.ActiveCfg = Debug|iPhone
		{A55F4496-DAE8-45C1-A81B-F65D56E50440}.Debug|iPhone.Build.0 = Debug|iPhone
		{A55F4496-DAE8-45C1-A81B-F65D56E50440}.Debug|iPhone.Deploy.0 = Debug|iPhone
		{A55F4496-DAE8-45C1-A81B-F65D56E50440}.Debug|iPhoneSimulator.ActiveCfg = Debug|iPhoneSimulator
		{A55F4496-DAE8-45C1-A81B-F65D56E50440}.Debug|iPhoneSimulator.Build.0 = Debug|iPhoneSimulator
		{A55F4496-DAE8-45C1-A81B-F65D56E50440}.Debug|iPhoneSimulator.Deploy.0 = Debug|iPhoneSimulator
		{A55F4496-DAE8-45C1-A81B-F65D56E50440}.Debug|x64.ActiveCfg = Debug|iPhoneSimulator
		{A55F4496-DAE8-45C1-A81B-F65D56E50440}.Debug|x64.Build.0 = Debug|iPhoneSimulator
		{A55F4496-DAE8-45C1-A81B-F65D56E50440}.Debug|x64.Deploy.0 = Debug|iPhoneSimulator
		{A55F4496-DAE8-45C1-A81B-F65D56E50440}.Debug|x86.ActiveCfg = Debug|iPhoneSimulator
		{A55F4496-DAE8-45C1-A81B-F65D56E50440}.Debug|x86.Build.0 = Debug|iPhoneSimulator
		{A55F4496-DAE8-45C1-A81B-F65D56E50440}.Debug|x86.Deploy.0 = Debug|iPhoneSimulator
		{A55F4496-DAE8-45C1-A81B-F65D56E50440}.Release|Any CPU.ActiveCfg = Release|iPhoneSimulator
		{A55F4496-DAE8-45C1-A81B-F65D56E50440}.Release|Any CPU.Build.0 = Release|iPhoneSimulator
		{A55F4496-DAE8-45C1-A81B-F65D56E50440}.Release|Any CPU.Deploy.0 = Release|iPhoneSimulator
		{A55F4496-DAE8-45C1-A81B-F65D56E50440}.Release|ARM.ActiveCfg = Release|iPhoneSimulator
		{A55F4496-DAE8-45C1-A81B-F65D56E50440}.Release|ARM.Build.0 = Release|iPhoneSimulator
		{A55F4496-DAE8-45C1-A81B-F65D56E50440}.Release|ARM.Deploy.0 = Release|iPhoneSimulator
		{A55F4496-DAE8-45C1-A81B-F65D56E50440}.Release|iPhone.ActiveCfg = Release|iPhone
		{A55F4496-DAE8-45C1-A81B-F65D56E50440}.Release|iPhone.Build.0 = Release|iPhone
		{A55F4496-DAE8-45C1-A81B-F65D56E50440}.Release|iPhone.Deploy.0 = Release|iPhone
		{A55F4496-DAE8-45C1-A81B-F65D56E50440}.Release|iPhoneSimulator.ActiveCfg = Release|iPhoneSimulator
		{A55F4496-DAE8-45C1-A81B-F65D56E50440}.Release|iPhoneSimulator.Build.0 = Release|iPhoneSimulator
		{A55F4496-DAE8-45C1-A81B-F65D56E50440}.Release|iPhoneSimulator.Deploy.0 = Release|iPhoneSimulator
		{A55F4496-DAE8-45C1-A81B-F65D56E50440}.Release|x64.ActiveCfg = Release|iPhoneSimulator
		{A55F4496-DAE8-45C1-A81B-F65D56E50440}.Release|x64.Build.0 = Release|iPhoneSimulator
		{A55F4496-DAE8-45C1-A81B-F65D56E50440}.Release|x64.Deploy.0 = Release|iPhoneSimulator
		{A55F4496-DAE8-45C1-A81B-F65D56E50440}.Release|x86.ActiveCfg = Release|iPhoneSimulator
		{A55F4496-DAE8-45C1-A81B-F65D56E50440}.Release|x86.Build.0 = Release|iPhoneSimulator
		{A55F4496-DAE8-45C1-A81B-F65D56E50440}.Release|x86.Deploy.0 = Release|iPhoneSimulator
		{949DF556-FC90-462F-9BCB-E062B1E262F6}.Debug|Any CPU.ActiveCfg = Debug|Any CPU
		{949DF556-FC90-462F-9BCB-E062B1E262F6}.Debug|Any CPU.Build.0 = Debug|Any CPU
		{949DF556-FC90-462F-9BCB-E062B1E262F6}.Debug|Any CPU.Deploy.0 = Debug|Any CPU
		{949DF556-FC90-462F-9BCB-E062B1E262F6}.Debug|ARM.ActiveCfg = Debug|Any CPU
		{949DF556-FC90-462F-9BCB-E062B1E262F6}.Debug|ARM.Build.0 = Debug|Any CPU
		{949DF556-FC90-462F-9BCB-E062B1E262F6}.Debug|ARM.Deploy.0 = Debug|Any CPU
		{949DF556-FC90-462F-9BCB-E062B1E262F6}.Debug|iPhone.ActiveCfg = Debug|Any CPU
		{949DF556-FC90-462F-9BCB-E062B1E262F6}.Debug|iPhone.Build.0 = Debug|Any CPU
		{949DF556-FC90-462F-9BCB-E062B1E262F6}.Debug|iPhone.Deploy.0 = Debug|Any CPU
		{949DF556-FC90-462F-9BCB-E062B1E262F6}.Debug|iPhoneSimulator.ActiveCfg = Debug|Any CPU
		{949DF556-FC90-462F-9BCB-E062B1E262F6}.Debug|iPhoneSimulator.Build.0 = Debug|Any CPU
		{949DF556-FC90-462F-9BCB-E062B1E262F6}.Debug|iPhoneSimulator.Deploy.0 = Debug|Any CPU
		{949DF556-FC90-462F-9BCB-E062B1E262F6}.Debug|x64.ActiveCfg = Debug|Any CPU
		{949DF556-FC90-462F-9BCB-E062B1E262F6}.Debug|x64.Build.0 = Debug|Any CPU
		{949DF556-FC90-462F-9BCB-E062B1E262F6}.Debug|x64.Deploy.0 = Debug|Any CPU
		{949DF556-FC90-462F-9BCB-E062B1E262F6}.Debug|x86.ActiveCfg = Debug|Any CPU
		{949DF556-FC90-462F-9BCB-E062B1E262F6}.Debug|x86.Build.0 = Debug|Any CPU
		{949DF556-FC90-462F-9BCB-E062B1E262F6}.Debug|x86.Deploy.0 = Debug|Any CPU
		{949DF556-FC90-462F-9BCB-E062B1E262F6}.Release|Any CPU.ActiveCfg = Release|Any CPU
		{949DF556-FC90-462F-9BCB-E062B1E262F6}.Release|Any CPU.Build.0 = Release|Any CPU
		{949DF556-FC90-462F-9BCB-E062B1E262F6}.Release|Any CPU.Deploy.0 = Release|Any CPU
		{949DF556-FC90-462F-9BCB-E062B1E262F6}.Release|ARM.ActiveCfg = Release|Any CPU
		{949DF556-FC90-462F-9BCB-E062B1E262F6}.Release|ARM.Build.0 = Release|Any CPU
		{949DF556-FC90-462F-9BCB-E062B1E262F6}.Release|ARM.Deploy.0 = Release|Any CPU
		{949DF556-FC90-462F-9BCB-E062B1E262F6}.Release|iPhone.ActiveCfg = Release|Any CPU
		{949DF556-FC90-462F-9BCB-E062B1E262F6}.Release|iPhone.Build.0 = Release|Any CPU
		{949DF556-FC90-462F-9BCB-E062B1E262F6}.Release|iPhone.Deploy.0 = Release|Any CPU
		{949DF556-FC90-462F-9BCB-E062B1E262F6}.Release|iPhoneSimulator.ActiveCfg = Release|Any CPU
		{949DF556-FC90-462F-9BCB-E062B1E262F6}.Release|iPhoneSimulator.Build.0 = Release|Any CPU
		{949DF556-FC90-462F-9BCB-E062B1E262F6}.Release|iPhoneSimulator.Deploy.0 = Release|Any CPU
		{949DF556-FC90-462F-9BCB-E062B1E262F6}.Release|x64.ActiveCfg = Release|Any CPU
		{949DF556-FC90-462F-9BCB-E062B1E262F6}.Release|x64.Build.0 = Release|Any CPU
		{949DF556-FC90-462F-9BCB-E062B1E262F6}.Release|x64.Deploy.0 = Release|Any CPU
		{949DF556-FC90-462F-9BCB-E062B1E262F6}.Release|x86.ActiveCfg = Release|Any CPU
		{949DF556-FC90-462F-9BCB-E062B1E262F6}.Release|x86.Build.0 = Release|Any CPU
		{949DF556-FC90-462F-9BCB-E062B1E262F6}.Release|x86.Deploy.0 = Release|Any CPU
	EndGlobalSection
	GlobalSection(SolutionProperties) = preSolution
		HideSolutionNode = FALSE
	EndGlobalSection
	GlobalSection(ExtensibilityGlobals) = postSolution
		SolutionGuid = {E9193ECF-B0CF-4B6B-9BF7-CC57CD7795F3}
	EndGlobalSection
EndGlobal
